#include <iostream>
#include <conio.h>
#include <windows.h>

using namespace std;

int main() {
    int score = 0;
    char arrowKey;

    cout << "Welcome to the dance game! Press any arrow key to begin." << endl;
    arrowKey = _getch(); // wait for user to press arrow key

    while (arrowKey != 27) { // 27 is the ASCII code for the "escape" key
        system("cls"); // clear the console screen
        cout << "Score: " << score << endl;

        // generate a random arrow key (up, down, left, or right)
        char randomArrow = rand() % 4;
        switch (randomArrow) {
        case 0:
            cout << "   ^   " << endl;
            cout << "  / \\  " << endl;
            cout << " /   \\ " << endl;
            cout << "/     \\" << endl;
            break;
        case 1:
            cout << "\\     /" << endl;
            cout << " \\   / " << endl;
            cout << "  \\ /  " << endl;
            cout << "   V   " << endl;
            break;
        case 2:
            cout << "  <-|  " << endl;
            cout << "    |  " << endl;
            cout << "  <-|  " << endl;
            cout << "    |  " << endl;
            break;
        case 3:
            cout << "    |->" << endl;
            cout << "    |  " << endl;
            cout << "    |->" << endl;
            cout << "    |  " << endl;
            break;
        }

        // wait for user to press arrow key and check if it matches the random arrow
        arrowKey = _getch();
        if (arrowKey == 72 && randomArrow == 0) { // up arrow key
            score++;
            cout << "Nice job!" << endl;
        }
        else if (arrowKey == 80 && randomArrow == 1) { // down arrow key
            score++;
            cout << "Nice job!" << endl;
        }
        else if (arrowKey == 75 && randomArrow == 2) { // left arrow key
            score++;
            cout << "Nice job!" << endl;
        }
        else if (arrowKey == 77 && randomArrow == 3) { // right arrow key
            score++;
            cout << "Nice job!" << endl;
        }
        else {
            cout << "Oops, wrong key! Try again." << endl;
        }
    }

    cout << "Thanks for playing! Final score: " << score << endl;

    return 0;
}
